// !$*UTF8*$!
{
	archiveVersion = 1;
	classes = {
	};
	objectVersion = 50;
	objects = {

/* Begin PBXBuildFile section */
		DD372ED4266436C6008CEBB1 /* LaunchScreen.storyboard in Resources */ = {isa = PBXBuildFile; fileRef = DD372ED3266436C6008CEBB1 /* LaunchScreen.storyboard */; };
		DD372EE02664371A008CEBB1 /* Shan.appex in Embed App Extensions */ = {isa = PBXBuildFile; fileRef = DD372ED92664371A008CEBB1 /* Shan.appex */; settings = {ATTRIBUTES = (RemoveHeadersOnCopy, ); }; };
		DD372EFE26643760008CEBB1 /* DirectionEnum.swift in Sources */ = {isa = PBXBuildFile; fileRef = DD372EEE26643760008CEBB1 /* DirectionEnum.swift */; };
		DD372EFF26643760008CEBB1 /* DefaultKeyboard.swift in Sources */ = {isa = PBXBuildFile; fileRef = DD372EEF26643760008CEBB1 /* DefaultKeyboard.swift */; };
		DD372F0026643760008CEBB1 /* KeyboardModel.swift in Sources */ = {isa = PBXBuildFile; fileRef = DD372EF026643760008CEBB1 /* KeyboardModel.swift */; };
		DD372F0226643760008CEBB1 /* KeyboardInputTraits.swift in Sources */ = {isa = PBXBuildFile; fileRef = DD372EF426643760008CEBB1 /* KeyboardInputTraits.swift */; };
		DD372F0326643760008CEBB1 /* ForwardingView.swift in Sources */ = {isa = PBXBuildFile; fileRef = DD372EF526643760008CEBB1 /* ForwardingView.swift */; };
		DD372F0426643760008CEBB1 /* KeyboardViewController.swift in Sources */ = {isa = PBXBuildFile; fileRef = DD372EF626643760008CEBB1 /* KeyboardViewController.swift */; };
		DD372F0526643760008CEBB1 /* KeyboardLayout.swift in Sources */ = {isa = PBXBuildFile; fileRef = DD372EF726643760008CEBB1 /* KeyboardLayout.swift */; };
		DD372F0626643760008CEBB1 /* KeyboardKey.swift in Sources */ = {isa = PBXBuildFile; fileRef = DD372EF926643760008CEBB1 /* KeyboardKey.swift */; };
		DD372F0726643760008CEBB1 /* KeyboardConnector.swift in Sources */ = {isa = PBXBuildFile; fileRef = DD372EFA26643760008CEBB1 /* KeyboardConnector.swift */; };
		DD372F0826643760008CEBB1 /* ImageKey.swift in Sources */ = {isa = PBXBuildFile; fileRef = DD372EFB26643760008CEBB1 /* ImageKey.swift */; };
		DD372F0926643760008CEBB1 /* KeyboardKeyBackground.swift in Sources */ = {isa = PBXBuildFile; fileRef = DD372EFC26643760008CEBB1 /* KeyboardKeyBackground.swift */; };
		DD372F0A26643760008CEBB1 /* Shapes.swift in Sources */ = {isa = PBXBuildFile; fileRef = DD372EFD26643760008CEBB1 /* Shapes.swift */; };
		DDA590A5266427D70028A6C9 /* PanglongKeyboardApp.swift in Sources */ = {isa = PBXBuildFile; fileRef = DDA590A4266427D70028A6C9 /* PanglongKeyboardApp.swift */; };
		DDA590A7266427D70028A6C9 /* MainSettingPage.swift in Sources */ = {isa = PBXBuildFile; fileRef = DDA590A6266427D70028A6C9 /* MainSettingPage.swift */; };
		DDA590AC266427D80028A6C9 /* Preview Assets.xcassets in Resources */ = {isa = PBXBuildFile; fileRef = DDA590AB266427D80028A6C9 /* Preview Assets.xcassets */; };
		DDA590B7266427D80028A6C9 /* PanglongKeyboardTests.swift in Sources */ = {isa = PBXBuildFile; fileRef = DDA590B6266427D80028A6C9 /* PanglongKeyboardTests.swift */; };
		DDA590C2266427D80028A6C9 /* PanglongKeyboardUITests.swift in Sources */ = {isa = PBXBuildFile; fileRef = DDA590C1266427D80028A6C9 /* PanglongKeyboardUITests.swift */; };
		DDA590D3266428B40028A6C9 /* LicensePage.swift in Sources */ = {isa = PBXBuildFile; fileRef = DDA590CF266428B40028A6C9 /* LicensePage.swift */; };
		DDA590D4266428B40028A6C9 /* LICENSE.txt in Resources */ = {isa = PBXBuildFile; fileRef = DDA590D0266428B40028A6C9 /* LICENSE.txt */; };
		DDA590D5266428B40028A6C9 /* AddKeyboardPage.swift in Sources */ = {isa = PBXBuildFile; fileRef = DDA590D1266428B40028A6C9 /* AddKeyboardPage.swift */; };
		DDA590D6266428B40028A6C9 /* AboutPage.swift in Sources */ = {isa = PBXBuildFile; fileRef = DDA590D2266428B40028A6C9 /* AboutPage.swift */; };
		DDA590DA266429240028A6C9 /* Assets.xcassets in Resources */ = {isa = PBXBuildFile; fileRef = DDA590D9266429240028A6C9 /* Assets.xcassets */; };
		DDA590DC266429C60028A6C9 /* Settings.bundle in Resources */ = {isa = PBXBuildFile; fileRef = DDA590DB266429C60028A6C9 /* Settings.bundle */; };
/* End PBXBuildFile section */

/* Begin PBXContainerItemProxy section */
		DD372EDE2664371A008CEBB1 /* PBXContainerItemProxy */ = {
			isa = PBXContainerItemProxy;
			containerPortal = DDA59099266427D70028A6C9 /* Project object */;
			proxyType = 1;
			remoteGlobalIDString = DD372ED82664371A008CEBB1;
			remoteInfo = Shan;
		};
		DDA590B3266427D80028A6C9 /* PBXContainerItemProxy */ = {
			isa = PBXContainerItemProxy;
			containerPortal = DDA59099266427D70028A6C9 /* Project object */;
			proxyType = 1;
			remoteGlobalIDString = DDA590A0266427D70028A6C9;
			remoteInfo = PanglongKeyboard;
		};
		DDA590BE266427D80028A6C9 /* PBXContainerItemProxy */ = {
			isa = PBXContainerItemProxy;
			containerPortal = DDA59099266427D70028A6C9 /* Project object */;
			proxyType = 1;
			remoteGlobalIDString = DDA590A0266427D70028A6C9;
			remoteInfo = PanglongKeyboard;
		};
/* End PBXContainerItemProxy section */

/* Begin PBXCopyFilesBuildPhase section */
		DD372EE42664371A008CEBB1 /* Embed App Extensions */ = {
			isa = PBXCopyFilesBuildPhase;
			buildActionMask = 2147483647;
			dstPath = "";
			dstSubfolderSpec = 13;
			files = (
				DD372EE02664371A008CEBB1 /* Shan.appex in Embed App Extensions */,
			);
			name = "Embed App Extensions";
			runOnlyForDeploymentPostprocessing = 0;
		};
/* End PBXCopyFilesBuildPhase section */

/* Begin PBXFileReference section */
		DD372ED3266436C6008CEBB1 /* LaunchScreen.storyboard */ = {isa = PBXFileReference; fileEncoding = 4; lastKnownFileType = file.storyboard; path = LaunchScreen.storyboard; sourceTree = "<group>"; };
		DD372ED92664371A008CEBB1 /* Shan.appex */ = {isa = PBXFileReference; explicitFileType = "wrapper.app-extension"; includeInIndex = 0; path = Shan.appex; sourceTree = BUILT_PRODUCTS_DIR; };
		DD372EDD2664371A008CEBB1 /* Info.plist */ = {isa = PBXFileReference; lastKnownFileType = text.plist.xml; path = Info.plist; sourceTree = "<group>"; };
		DD372EEE26643760008CEBB1 /* DirectionEnum.swift */ = {isa = PBXFileReference; fileEncoding = 4; lastKnownFileType = sourcecode.swift; path = DirectionEnum.swift; sourceTree = "<group>"; };
		DD372EEF26643760008CEBB1 /* DefaultKeyboard.swift */ = {isa = PBXFileReference; fileEncoding = 4; lastKnownFileType = sourcecode.swift; path = DefaultKeyboard.swift; sourceTree = "<group>"; };
		DD372EF026643760008CEBB1 /* KeyboardModel.swift */ = {isa = PBXFileReference; fileEncoding = 4; lastKnownFileType = sourcecode.swift; path = KeyboardModel.swift; sourceTree = "<group>"; };
		DD372EF426643760008CEBB1 /* KeyboardInputTraits.swift */ = {isa = PBXFileReference; fileEncoding = 4; lastKnownFileType = sourcecode.swift; path = KeyboardInputTraits.swift; sourceTree = "<group>"; };
		DD372EF526643760008CEBB1 /* ForwardingView.swift */ = {isa = PBXFileReference; fileEncoding = 4; lastKnownFileType = sourcecode.swift; path = ForwardingView.swift; sourceTree = "<group>"; };
		DD372EF626643760008CEBB1 /* KeyboardViewController.swift */ = {isa = PBXFileReference; fileEncoding = 4; lastKnownFileType = sourcecode.swift; path = KeyboardViewController.swift; sourceTree = "<group>"; };
		DD372EF726643760008CEBB1 /* KeyboardLayout.swift */ = {isa = PBXFileReference; fileEncoding = 4; lastKnownFileType = sourcecode.swift; path = KeyboardLayout.swift; sourceTree = "<group>"; };
		DD372EF926643760008CEBB1 /* KeyboardKey.swift */ = {isa = PBXFileReference; fileEncoding = 4; lastKnownFileType = sourcecode.swift; path = KeyboardKey.swift; sourceTree = "<group>"; };
		DD372EFA26643760008CEBB1 /* KeyboardConnector.swift */ = {isa = PBXFileReference; fileEncoding = 4; lastKnownFileType = sourcecode.swift; path = KeyboardConnector.swift; sourceTree = "<group>"; };
		DD372EFB26643760008CEBB1 /* ImageKey.swift */ = {isa = PBXFileReference; fileEncoding = 4; lastKnownFileType = sourcecode.swift; path = ImageKey.swift; sourceTree = "<group>"; };
		DD372EFC26643760008CEBB1 /* KeyboardKeyBackground.swift */ = {isa = PBXFileReference; fileEncoding = 4; lastKnownFileType = sourcecode.swift; path = KeyboardKeyBackground.swift; sourceTree = "<group>"; };
		DD372EFD26643760008CEBB1 /* Shapes.swift */ = {isa = PBXFileReference; fileEncoding = 4; lastKnownFileType = sourcecode.swift; path = Shapes.swift; sourceTree = "<group>"; };
		DDA590A1266427D70028A6C9 /* PanglongKeyboard.app */ = {isa = PBXFileReference; explicitFileType = wrapper.application; includeInIndex = 0; path = PanglongKeyboard.app; sourceTree = BUILT_PRODUCTS_DIR; };
		DDA590A4266427D70028A6C9 /* PanglongKeyboardApp.swift */ = {isa = PBXFileReference; lastKnownFileType = sourcecode.swift; path = PanglongKeyboardApp.swift; sourceTree = "<group>"; };
		DDA590A6266427D70028A6C9 /* MainSettingPage.swift */ = {isa = PBXFileReference; lastKnownFileType = sourcecode.swift; path = MainSettingPage.swift; sourceTree = "<group>"; };
		DDA590AB266427D80028A6C9 /* Preview Assets.xcassets */ = {isa = PBXFileReference; lastKnownFileType = folder.assetcatalog; path = "Preview Assets.xcassets"; sourceTree = "<group>"; };
		DDA590AD266427D80028A6C9 /* Info.plist */ = {isa = PBXFileReference; lastKnownFileType = text.plist.xml; path = Info.plist; sourceTree = "<group>"; };
		DDA590B2266427D80028A6C9 /* PanglongKeyboardTests.xctest */ = {isa = PBXFileReference; explicitFileType = wrapper.cfbundle; includeInIndex = 0; path = PanglongKeyboardTests.xctest; sourceTree = BUILT_PRODUCTS_DIR; };
		DDA590B6266427D80028A6C9 /* PanglongKeyboardTests.swift */ = {isa = PBXFileReference; lastKnownFileType = sourcecode.swift; path = PanglongKeyboardTests.swift; sourceTree = "<group>"; };
		DDA590B8266427D80028A6C9 /* Info.plist */ = {isa = PBXFileReference; lastKnownFileType = text.plist.xml; path = Info.plist; sourceTree = "<group>"; };
		DDA590BD266427D80028A6C9 /* PanglongKeyboardUITests.xctest */ = {isa = PBXFileReference; explicitFileType = wrapper.cfbundle; includeInIndex = 0; path = PanglongKeyboardUITests.xctest; sourceTree = BUILT_PRODUCTS_DIR; };
		DDA590C1266427D80028A6C9 /* PanglongKeyboardUITests.swift */ = {isa = PBXFileReference; lastKnownFileType = sourcecode.swift; path = PanglongKeyboardUITests.swift; sourceTree = "<group>"; };
		DDA590C3266427D80028A6C9 /* Info.plist */ = {isa = PBXFileReference; lastKnownFileType = text.plist.xml; path = Info.plist; sourceTree = "<group>"; };
		DDA590CF266428B40028A6C9 /* LicensePage.swift */ = {isa = PBXFileReference; fileEncoding = 4; lastKnownFileType = sourcecode.swift; path = LicensePage.swift; sourceTree = "<group>"; };
		DDA590D0266428B40028A6C9 /* LICENSE.txt */ = {isa = PBXFileReference; fileEncoding = 4; lastKnownFileType = text; path = LICENSE.txt; sourceTree = "<group>"; };
		DDA590D1266428B40028A6C9 /* AddKeyboardPage.swift */ = {isa = PBXFileReference; fileEncoding = 4; lastKnownFileType = sourcecode.swift; path = AddKeyboardPage.swift; sourceTree = "<group>"; };
		DDA590D2266428B40028A6C9 /* AboutPage.swift */ = {isa = PBXFileReference; fileEncoding = 4; lastKnownFileType = sourcecode.swift; path = AboutPage.swift; sourceTree = "<group>"; };
		DDA590D9266429240028A6C9 /* Assets.xcassets */ = {isa = PBXFileReference; lastKnownFileType = folder.assetcatalog; path = Assets.xcassets; sourceTree = "<group>"; };
		DDA590DB266429C60028A6C9 /* Settings.bundle */ = {isa = PBXFileReference; lastKnownFileType = "wrapper.plug-in"; path = Settings.bundle; sourceTree = "<group>"; };
/* End PBXFileReference section */

/* Begin PBXFrameworksBuildPhase section */
		DD372ED62664371A008CEBB1 /* Frameworks */ = {
			isa = PBXFrameworksBuildPhase;
			buildActionMask = 2147483647;
			files = (
			);
			runOnlyForDeploymentPostprocessing = 0;
		};
		DDA5909E266427D70028A6C9 /* Frameworks */ = {
			isa = PBXFrameworksBuildPhase;
			buildActionMask = 2147483647;
			files = (
			);
			runOnlyForDeploymentPostprocessing = 0;
		};
		DDA590AF266427D80028A6C9 /* Frameworks */ = {
			isa = PBXFrameworksBuildPhase;
			buildActionMask = 2147483647;
			files = (
			);
			runOnlyForDeploymentPostprocessing = 0;
		};
		DDA590BA266427D80028A6C9 /* Frameworks */ = {
			isa = PBXFrameworksBuildPhase;
			buildActionMask = 2147483647;
			files = (
			);
			runOnlyForDeploymentPostprocessing = 0;
		};
/* End PBXFrameworksBuildPhase section */

/* Begin PBXGroup section */
		DD372EDA2664371A008CEBB1 /* Shan */ = {
			isa = PBXGroup;
			children = (
				DD372EF326643760008CEBB1 /* Controllers */,
				DD372EED26643760008CEBB1 /* Models */,
				DD372EF126643760008CEBB1 /* Supporting Files */,
				DD372EF826643760008CEBB1 /* Views */,
			);
			path = Shan;
			sourceTree = "<group>";
		};
		DD372EED26643760008CEBB1 /* Models */ = {
			isa = PBXGroup;
			children = (
				DD372EEE26643760008CEBB1 /* DirectionEnum.swift */,
				DD372EEF26643760008CEBB1 /* DefaultKeyboard.swift */,
				DD372EF026643760008CEBB1 /* KeyboardModel.swift */,
			);
			path = Models;
			sourceTree = "<group>";
		};
		DD372EF126643760008CEBB1 /* Supporting Files */ = {
			isa = PBXGroup;
			children = (
				DD372EDD2664371A008CEBB1 /* Info.plist */,
			);
			path = "Supporting Files";
			sourceTree = "<group>";
		};
		DD372EF326643760008CEBB1 /* Controllers */ = {
			isa = PBXGroup;
			children = (
				DD372EF426643760008CEBB1 /* KeyboardInputTraits.swift */,
				DD372EF526643760008CEBB1 /* ForwardingView.swift */,
				DD372EF626643760008CEBB1 /* KeyboardViewController.swift */,
				DD372EF726643760008CEBB1 /* KeyboardLayout.swift */,
			);
			path = Controllers;
			sourceTree = "<group>";
		};
		DD372EF826643760008CEBB1 /* Views */ = {
			isa = PBXGroup;
			children = (
				DD372EF926643760008CEBB1 /* KeyboardKey.swift */,
				DD372EFA26643760008CEBB1 /* KeyboardConnector.swift */,
				DD372EFB26643760008CEBB1 /* ImageKey.swift */,
				DD372EFC26643760008CEBB1 /* KeyboardKeyBackground.swift */,
				DD372EFD26643760008CEBB1 /* Shapes.swift */,
			);
			path = Views;
			sourceTree = "<group>";
		};
		DDA59098266427D70028A6C9 = {
			isa = PBXGroup;
			children = (
				DDA590DB266429C60028A6C9 /* Settings.bundle */,
				DDA590A3266427D70028A6C9 /* PanglongKeyboard */,
				DDA590B5266427D80028A6C9 /* PanglongKeyboardTests */,
				DDA590C0266427D80028A6C9 /* PanglongKeyboardUITests */,
				DD372EDA2664371A008CEBB1 /* Shan */,
				DDA590A2266427D70028A6C9 /* Products */,
			);
			sourceTree = "<group>";
		};
		DDA590A2266427D70028A6C9 /* Products */ = {
			isa = PBXGroup;
			children = (
				DDA590A1266427D70028A6C9 /* PanglongKeyboard.app */,
				DDA590B2266427D80028A6C9 /* PanglongKeyboardTests.xctest */,
				DDA590BD266427D80028A6C9 /* PanglongKeyboardUITests.xctest */,
				DD372ED92664371A008CEBB1 /* Shan.appex */,
			);
			name = Products;
			sourceTree = "<group>";
		};
		DDA590A3266427D70028A6C9 /* PanglongKeyboard */ = {
			isa = PBXGroup;
			children = (
				DDA590A4266427D70028A6C9 /* PanglongKeyboardApp.swift */,
				DDA590A6266427D70028A6C9 /* MainSettingPage.swift */,
				DDA590D2266428B40028A6C9 /* AboutPage.swift */,
				DD372ED3266436C6008CEBB1 /* LaunchScreen.storyboard */,
				DDA590D1266428B40028A6C9 /* AddKeyboardPage.swift */,
				DDA590D0266428B40028A6C9 /* LICENSE.txt */,
				DDA590D9266429240028A6C9 /* Assets.xcassets */,
				DDA590CF266428B40028A6C9 /* LicensePage.swift */,
				DDA590AD266427D80028A6C9 /* Info.plist */,
				DDA590AA266427D80028A6C9 /* Preview Content */,
			);
			path = PanglongKeyboard;
			sourceTree = "<group>";
		};
		DDA590AA266427D80028A6C9 /* Preview Content */ = {
			isa = PBXGroup;
			children = (
				DDA590AB266427D80028A6C9 /* Preview Assets.xcassets */,
			);
			path = "Preview Content";
			sourceTree = "<group>";
		};
		DDA590B5266427D80028A6C9 /* PanglongKeyboardTests */ = {
			isa = PBXGroup;
			children = (
				DDA590B6266427D80028A6C9 /* PanglongKeyboardTests.swift */,
				DDA590B8266427D80028A6C9 /* Info.plist */,
			);
			path = PanglongKeyboardTests;
			sourceTree = "<group>";
		};
		DDA590C0266427D80028A6C9 /* PanglongKeyboardUITests */ = {
			isa = PBXGroup;
			children = (
				DDA590C1266427D80028A6C9 /* PanglongKeyboardUITests.swift */,
				DDA590C3266427D80028A6C9 /* Info.plist */,
			);
			path = PanglongKeyboardUITests;
			sourceTree = "<group>";
		};
/* End PBXGroup section */

/* Begin PBXNativeTarget section */
		DD372ED82664371A008CEBB1 /* Shan */ = {
			isa = PBXNativeTarget;
			buildConfigurationList = DD372EE12664371A008CEBB1 /* Build configuration list for PBXNativeTarget "Shan" */;
			buildPhases = (
				DD372ED52664371A008CEBB1 /* Sources */,
				DD372ED62664371A008CEBB1 /* Frameworks */,
				DD372ED72664371A008CEBB1 /* Resources */,
			);
			buildRules = (
			);
			dependencies = (
			);
			name = Shan;
			productName = Shan;
			productReference = DD372ED92664371A008CEBB1 /* Shan.appex */;
			productType = "com.apple.product-type.app-extension";
		};
		DDA590A0266427D70028A6C9 /* PanglongKeyboard */ = {
			isa = PBXNativeTarget;
			buildConfigurationList = DDA590C6266427D80028A6C9 /* Build configuration list for PBXNativeTarget "PanglongKeyboard" */;
			buildPhases = (
				DDA5909D266427D70028A6C9 /* Sources */,
				DDA5909E266427D70028A6C9 /* Frameworks */,
				DDA5909F266427D70028A6C9 /* Resources */,
				DD372EE42664371A008CEBB1 /* Embed App Extensions */,
			);
			buildRules = (
			);
			dependencies = (
				DD372EDF2664371A008CEBB1 /* PBXTargetDependency */,
			);
			name = PanglongKeyboard;
			productName = PanglongKeyboard;
			productReference = DDA590A1266427D70028A6C9 /* PanglongKeyboard.app */;
			productType = "com.apple.product-type.application";
		};
		DDA590B1266427D80028A6C9 /* PanglongKeyboardTests */ = {
			isa = PBXNativeTarget;
			buildConfigurationList = DDA590C9266427D80028A6C9 /* Build configuration list for PBXNativeTarget "PanglongKeyboardTests" */;
			buildPhases = (
				DDA590AE266427D80028A6C9 /* Sources */,
				DDA590AF266427D80028A6C9 /* Frameworks */,
				DDA590B0266427D80028A6C9 /* Resources */,
			);
			buildRules = (
			);
			dependencies = (
				DDA590B4266427D80028A6C9 /* PBXTargetDependency */,
			);
			name = PanglongKeyboardTests;
			productName = PanglongKeyboardTests;
			productReference = DDA590B2266427D80028A6C9 /* PanglongKeyboardTests.xctest */;
			productType = "com.apple.product-type.bundle.unit-test";
		};
		DDA590BC266427D80028A6C9 /* PanglongKeyboardUITests */ = {
			isa = PBXNativeTarget;
			buildConfigurationList = DDA590CC266427D80028A6C9 /* Build configuration list for PBXNativeTarget "PanglongKeyboardUITests" */;
			buildPhases = (
				DDA590B9266427D80028A6C9 /* Sources */,
				DDA590BA266427D80028A6C9 /* Frameworks */,
				DDA590BB266427D80028A6C9 /* Resources */,
			);
			buildRules = (
			);
			dependencies = (
				DDA590BF266427D80028A6C9 /* PBXTargetDependency */,
			);
			name = PanglongKeyboardUITests;
			productName = PanglongKeyboardUITests;
			productReference = DDA590BD266427D80028A6C9 /* PanglongKeyboardUITests.xctest */;
			productType = "com.apple.product-type.bundle.ui-testing";
		};
/* End PBXNativeTarget section */

/* Begin PBXProject section */
		DDA59099266427D70028A6C9 /* Project object */ = {
			isa = PBXProject;
			attributes = {
				LastSwiftUpdateCheck = 1250;
				LastUpgradeCheck = 1250;
				TargetAttributes = {
					DD372ED82664371A008CEBB1 = {
						CreatedOnToolsVersion = 12.5;
					};
					DDA590A0266427D70028A6C9 = {
						CreatedOnToolsVersion = 12.5;
					};
					DDA590B1266427D80028A6C9 = {
						CreatedOnToolsVersion = 12.5;
						TestTargetID = DDA590A0266427D70028A6C9;
					};
					DDA590BC266427D80028A6C9 = {
						CreatedOnToolsVersion = 12.5;
						TestTargetID = DDA590A0266427D70028A6C9;
					};
				};
			};
			buildConfigurationList = DDA5909C266427D70028A6C9 /* Build configuration list for PBXProject "PanglongKeyboard" */;
			compatibilityVersion = "Xcode 9.3";
			developmentRegion = en;
			hasScannedForEncodings = 0;
			knownRegions = (
				en,
				Base,
			);
			mainGroup = DDA59098266427D70028A6C9;
			productRefGroup = DDA590A2266427D70028A6C9 /* Products */;
			projectDirPath = "";
			projectRoot = "";
			targets = (
				DDA590A0266427D70028A6C9 /* PanglongKeyboard */,
				DDA590B1266427D80028A6C9 /* PanglongKeyboardTests */,
				DDA590BC266427D80028A6C9 /* PanglongKeyboardUITests */,
				DD372ED82664371A008CEBB1 /* Shan */,
			);
		};
/* End PBXProject section */

/* Begin PBXResourcesBuildPhase section */
		DD372ED72664371A008CEBB1 /* Resources */ = {
			isa = PBXResourcesBuildPhase;
			buildActionMask = 2147483647;
			files = (
			);
			runOnlyForDeploymentPostprocessing = 0;
		};
		DDA5909F266427D70028A6C9 /* Resources */ = {
			isa = PBXResourcesBuildPhase;
			buildActionMask = 2147483647;
			files = (
				DDA590DC266429C60028A6C9 /* Settings.bundle in Resources */,
				DDA590D4266428B40028A6C9 /* LICENSE.txt in Resources */,
				DDA590DA266429240028A6C9 /* Assets.xcassets in Resources */,
				DD372ED4266436C6008CEBB1 /* LaunchScreen.storyboard in Resources */,
				DDA590AC266427D80028A6C9 /* Preview Assets.xcassets in Resources */,
			);
			runOnlyForDeploymentPostprocessing = 0;
		};
		DDA590B0266427D80028A6C9 /* Resources */ = {
			isa = PBXResourcesBuildPhase;
			buildActionMask = 2147483647;
			files = (
			);
			runOnlyForDeploymentPostprocessing = 0;
		};
		DDA590BB266427D80028A6C9 /* Resources */ = {
			isa = PBXResourcesBuildPhase;
			buildActionMask = 2147483647;
			files = (
			);
			runOnlyForDeploymentPostprocessing = 0;
		};
/* End PBXResourcesBuildPhase section */

/* Begin PBXSourcesBuildPhase section */
		DD372ED52664371A008CEBB1 /* Sources */ = {
			isa = PBXSourcesBuildPhase;
			buildActionMask = 2147483647;
			files = (
				DD372F0226643760008CEBB1 /* KeyboardInputTraits.swift in Sources */,
				DD372F0826643760008CEBB1 /* ImageKey.swift in Sources */,
				DD372F0426643760008CEBB1 /* KeyboardViewController.swift in Sources */,
				DD372EFF26643760008CEBB1 /* DefaultKeyboard.swift in Sources */,
				DD372F0726643760008CEBB1 /* KeyboardConnector.swift in Sources */,
				DD372F0326643760008CEBB1 /* ForwardingView.swift in Sources */,
				DD372F0526643760008CEBB1 /* KeyboardLayout.swift in Sources */,
				DD372EFE26643760008CEBB1 /* DirectionEnum.swift in Sources */,
				DD372F0626643760008CEBB1 /* KeyboardKey.swift in Sources */,
				DD372F0026643760008CEBB1 /* KeyboardModel.swift in Sources */,
				DD372F0926643760008CEBB1 /* KeyboardKeyBackground.swift in Sources */,
				DD372F0A26643760008CEBB1 /* Shapes.swift in Sources */,
			);
			runOnlyForDeploymentPostprocessing = 0;
		};
		DDA5909D266427D70028A6C9 /* Sources */ = {
			isa = PBXSourcesBuildPhase;
			buildActionMask = 2147483647;
			files = (
				DDA590D3266428B40028A6C9 /* LicensePage.swift in Sources */,
				DDA590A7266427D70028A6C9 /* MainSettingPage.swift in Sources */,
				DDA590A5266427D70028A6C9 /* PanglongKeyboardApp.swift in Sources */,
				DDA590D5266428B40028A6C9 /* AddKeyboardPage.swift in Sources */,
				DDA590D6266428B40028A6C9 /* AboutPage.swift in Sources */,
			);
			runOnlyForDeploymentPostprocessing = 0;
		};
		DDA590AE266427D80028A6C9 /* Sources */ = {
			isa = PBXSourcesBuildPhase;
			buildActionMask = 2147483647;
			files = (
				DDA590B7266427D80028A6C9 /* PanglongKeyboardTests.swift in Sources */,
			);
			runOnlyForDeploymentPostprocessing = 0;
		};
		DDA590B9266427D80028A6C9 /* Sources */ = {
			isa = PBXSourcesBuildPhase;
			buildActionMask = 2147483647;
			files = (
				DDA590C2266427D80028A6C9 /* PanglongKeyboardUITests.swift in Sources */,
			);
			runOnlyForDeploymentPostprocessing = 0;
		};
/* End PBXSourcesBuildPhase section */

/* Begin PBXTargetDependency section */
		DD372EDF2664371A008CEBB1 /* PBXTargetDependency */ = {
			isa = PBXTargetDependency;
			target = DD372ED82664371A008CEBB1 /* Shan */;
			targetProxy = DD372EDE2664371A008CEBB1 /* PBXContainerItemProxy */;
		};
		DDA590B4266427D80028A6C9 /* PBXTargetDependency */ = {
			isa = PBXTargetDependency;
			target = DDA590A0266427D70028A6C9 /* PanglongKeyboard */;
			targetProxy = DDA590B3266427D80028A6C9 /* PBXContainerItemProxy */;
		};
		DDA590BF266427D80028A6C9 /* PBXTargetDependency */ = {
			isa = PBXTargetDependency;
			target = DDA590A0266427D70028A6C9 /* PanglongKeyboard */;
			targetProxy = DDA590BE266427D80028A6C9 /* PBXContainerItemProxy */;
		};
/* End PBXTargetDependency section */

/* Begin XCBuildConfiguration section */
		DD372EE22664371A008CEBB1 /* Debug */ = {
			isa = XCBuildConfiguration;
			buildSettings = {
				CODE_SIGN_STYLE = Automatic;
				DEVELOPMENT_TEAM = 9M4Q67AQA8;
				INFOPLIST_FILE = "Shan/Supporting Files/Info.plist";
				LD_RUNPATH_SEARCH_PATHS = (
					"$(inherited)",
					"@executable_path/Frameworks",
					"@executable_path/../../Frameworks",
				);
				PRODUCT_BUNDLE_IDENTIFIER = com.noernova.PanglongKeyboard.Shan;
				PRODUCT_NAME = "$(TARGET_NAME)";
				SKIP_INSTALL = YES;
				SWIFT_VERSION = 5.0;
				TARGETED_DEVICE_FAMILY = "1,2";
			};
			name = Debug;
		};
		DD372EE32664371A008CEBB1 /* Release */ = {
			isa = XCBuildConfiguration;
			buildSettings = {
				CODE_SIGN_STYLE = Automatic;
				DEVELOPMENT_TEAM = 9M4Q67AQA8;
				INFOPLIST_FILE = "Shan/Supporting Files/Info.plist";
				LD_RUNPATH_SEARCH_PATHS = (
					"$(inherited)",
					"@executable_path/Frameworks",
					"@executable_path/../../Frameworks",
				);
				PRODUCT_BUNDLE_IDENTIFIER = com.noernova.PanglongKeyboard.Shan;
				PRODUCT_NAME = "$(TARGET_NAME)";
				SKIP_INSTALL = YES;
				SWIFT_VERSION = 5.0;
				TARGETED_DEVICE_FAMILY = "1,2";
			};
			name = Release;
		};
		DDA590C4266427D80028A6C9 /* Debug */ = {
			isa = XCBuildConfiguration;
			buildSettings = {
				ALWAYS_SEARCH_USER_PATHS = NO;
				CLANG_ANALYZER_NONNULL = YES;
				CLANG_ANALYZER_NUMBER_OBJECT_CONVERSION = YES_AGGRESSIVE;
				CLANG_CXX_LANGUAGE_STANDARD = "gnu++14";
				CLANG_CXX_LIBRARY = "libc++";
				CLANG_ENABLE_MODULES = YES;
				CLANG_ENABLE_OBJC_ARC = YES;
				CLANG_ENABLE_OBJC_WEAK = YES;
				CLANG_WARN_BLOCK_CAPTURE_AUTORELEASING = YES;
				CLANG_WARN_BOOL_CONVERSION = YES;
				CLANG_WARN_COMMA = YES;
				CLANG_WARN_CONSTANT_CONVERSION = YES;
				CLANG_WARN_DEPRECATED_OBJC_IMPLEMENTATIONS = YES;
				CLANG_WARN_DIRECT_OBJC_ISA_USAGE = YES_ERROR;
				CLANG_WARN_DOCUMENTATION_COMMENTS = YES;
				CLANG_WARN_EMPTY_BODY = YES;
				CLANG_WARN_ENUM_CONVERSION = YES;
				CLANG_WARN_INFINITE_RECURSION = YES;
				CLANG_WARN_INT_CONVERSION = YES;
				CLANG_WARN_NON_LITERAL_NULL_CONVERSION = YES;
				CLANG_WARN_OBJC_IMPLICIT_RETAIN_SELF = YES;
				CLANG_WARN_OBJC_LITERAL_CONVERSION = YES;
				CLANG_WARN_OBJC_ROOT_CLASS = YES_ERROR;
				CLANG_WARN_QUOTED_INCLUDE_IN_FRAMEWORK_HEADER = YES;
				CLANG_WARN_RANGE_LOOP_ANALYSIS = YES;
				CLANG_WARN_STRICT_PROTOTYPES = YES;
				CLANG_WARN_SUSPICIOUS_MOVE = YES;
				CLANG_WARN_UNGUARDED_AVAILABILITY = YES_AGGRESSIVE;
				CLANG_WARN_UNREACHABLE_CODE = YES;
				CLANG_WARN__DUPLICATE_METHOD_MATCH = YES;
				COPY_PHASE_STRIP = NO;
				DEBUG_INFORMATION_FORMAT = dwarf;
				ENABLE_STRICT_OBJC_MSGSEND = YES;
				ENABLE_TESTABILITY = YES;
				GCC_C_LANGUAGE_STANDARD = gnu11;
				GCC_DYNAMIC_NO_PIC = NO;
				GCC_NO_COMMON_BLOCKS = YES;
				GCC_OPTIMIZATION_LEVEL = 0;
				GCC_PREPROCESSOR_DEFINITIONS = (
					"DEBUG=1",
					"$(inherited)",
				);
				GCC_WARN_64_TO_32_BIT_CONVERSION = YES;
				GCC_WARN_ABOUT_RETURN_TYPE = YES_ERROR;
				GCC_WARN_UNDECLARED_SELECTOR = YES;
				GCC_WARN_UNINITIALIZED_AUTOS = YES_AGGRESSIVE;
				GCC_WARN_UNUSED_FUNCTION = YES;
				GCC_WARN_UNUSED_VARIABLE = YES;
				IPHONEOS_DEPLOYMENT_TARGET = 14.5;
				MTL_ENABLE_DEBUG_INFO = INCLUDE_SOURCE;
				MTL_FAST_MATH = YES;
				ONLY_ACTIVE_ARCH = YES;
				SDKROOT = iphoneos;
				SWIFT_ACTIVE_COMPILATION_CONDITIONS = DEBUG;
				SWIFT_OPTIMIZATION_LEVEL = "-Onone";
			};
			name = Debug;
		};
		DDA590C5266427D80028A6C9 /* Release */ = {
			isa = XCBuildConfiguration;
			buildSettings = {
				ALWAYS_SEARCH_USER_PATHS = NO;
				CLANG_ANALYZER_NONNULL = YES;
				CLANG_ANALYZER_NUMBER_OBJECT_CONVERSION = YES_AGGRESSIVE;
				CLANG_CXX_LANGUAGE_STANDARD = "gnu++14";
				CLANG_CXX_LIBRARY = "libc++";
				CLANG_ENABLE_MODULES = YES;
				CLANG_ENABLE_OBJC_ARC = YES;
				CLANG_ENABLE_OBJC_WEAK = YES;
				CLANG_WARN_BLOCK_CAPTURE_AUTORELEASING = YES;
				CLANG_WARN_BOOL_CONVERSION = YES;
				CLANG_WARN_COMMA = YES;
				CLANG_WARN_CONSTANT_CONVERSION = YES;
				CLANG_WARN_DEPRECATED_OBJC_IMPLEMENTATIONS = YES;
				CLANG_WARN_DIRECT_OBJC_ISA_USAGE = YES_ERROR;
				CLANG_WARN_DOCUMENTATION_COMMENTS = YES;
				CLANG_WARN_EMPTY_BODY = YES;
				CLANG_WARN_ENUM_CONVERSION = YES;
				CLANG_WARN_INFINITE_RECURSION = YES;
				CLANG_WARN_INT_CONVERSION = YES;
				CLANG_WARN_NON_LITERAL_NULL_CONVERSION = YES;
				CLANG_WARN_OBJC_IMPLICIT_RETAIN_SELF = YES;
				CLANG_WARN_OBJC_LITERAL_CONVERSION = YES;
				CLANG_WARN_OBJC_ROOT_CLASS = YES_ERROR;
				CLANG_WARN_QUOTED_INCLUDE_IN_FRAMEWORK_HEADER = YES;
				CLANG_WARN_RANGE_LOOP_ANALYSIS = YES;
				CLANG_WARN_STRICT_PROTOTYPES = YES;
				CLANG_WARN_SUSPICIOUS_MOVE = YES;
				CLANG_WARN_UNGUARDED_AVAILABILITY = YES_AGGRESSIVE;
				CLANG_WARN_UNREACHABLE_CODE = YES;
				CLANG_WARN__DUPLICATE_METHOD_MATCH = YES;
				COPY_PHASE_STRIP = NO;
				DEBUG_INFORMATION_FORMAT = "dwarf-with-dsym";
				ENABLE_NS_ASSERTIONS = NO;
				ENABLE_STRICT_OBJC_MSGSEND = YES;
				GCC_C_LANGUAGE_STANDARD = gnu11;
				GCC_NO_COMMON_BLOCKS = YES;
				GCC_WARN_64_TO_32_BIT_CONVERSION = YES;
				GCC_WARN_ABOUT_RETURN_TYPE = YES_ERROR;
				GCC_WARN_UNDECLARED_SELECTOR = YES;
				GCC_WARN_UNINITIALIZED_AUTOS = YES_AGGRESSIVE;
				GCC_WARN_UNUSED_FUNCTION = YES;
				GCC_WARN_UNUSED_VARIABLE = YES;
				IPHONEOS_DEPLOYMENT_TARGET = 14.5;
				MTL_ENABLE_DEBUG_INFO = NO;
				MTL_FAST_MATH = YES;
				ONLY_ACTIVE_ARCH = YES;
				SDKROOT = iphoneos;
				SWIFT_COMPILATION_MODE = wholemodule;
				SWIFT_OPTIMIZATION_LEVEL = "-O";
				VALIDATE_PRODUCT = YES;
			};
			name = Release;
		};
		DDA590C7266427D80028A6C9 /* Debug */ = {
			isa = XCBuildConfiguration;
			buildSettings = {
				ALWAYS_EMBED_SWIFT_STANDARD_LIBRARIES = YES;
				ASSETCATALOG_COMPILER_APPICON_NAME = AppIcon;
				ASSETCATALOG_COMPILER_GLOBAL_ACCENT_COLOR_NAME = AccentColor;
				CODE_SIGN_STYLE = Automatic;
				DEVELOPMENT_ASSET_PATHS = "\"PanglongKeyboard/Preview Content\"";
				DEVELOPMENT_TEAM = 9M4Q67AQA8;
				ENABLE_PREVIEWS = YES;
				INFOPLIST_FILE = PanglongKeyboard/Info.plist;
				IPHONEOS_DEPLOYMENT_TARGET = 14.0;
				LD_RUNPATH_SEARCH_PATHS = (
					"$(inherited)",
					"@executable_path/Frameworks",
				);
				PRODUCT_BUNDLE_IDENTIFIER = com.noernova.PanglongKeyboard;
				PRODUCT_NAME = "$(TARGET_NAME)";
				SWIFT_VERSION = 5.0;
				TARGETED_DEVICE_FAMILY = "1,2";
			};
			name = Debug;
		};
		DDA590C8266427D80028A6C9 /* Release */ = {
			isa = XCBuildConfiguration;
			buildSettings = {
				ALWAYS_EMBED_SWIFT_STANDARD_LIBRARIES = YES;
				ASSETCATALOG_COMPILER_APPICON_NAME = AppIcon;
				ASSETCATALOG_COMPILER_GLOBAL_ACCENT_COLOR_NAME = AccentColor;
				CODE_SIGN_STYLE = Automatic;
				DEVELOPMENT_ASSET_PATHS = "\"PanglongKeyboard/Preview Content\"";
				DEVELOPMENT_TEAM = 9M4Q67AQA8;
				ENABLE_PREVIEWS = YES;
				INFOPLIST_FILE = PanglongKeyboard/Info.plist;
				IPHONEOS_DEPLOYMENT_TARGET = 14.0;
				LD_RUNPATH_SEARCH_PATHS = (
					"$(inherited)",
					"@executable_path/Frameworks",
				);
				PRODUCT_BUNDLE_IDENTIFIER = com.noernova.PanglongKeyboard;
				PRODUCT_NAME = "$(TARGET_NAME)";
				SWIFT_VERSION = 5.0;
				TARGETED_DEVICE_FAMILY = "1,2";
			};
			name = Release;
		};
		DDA590CA266427D80028A6C9 /* Debug */ = {
			isa = XCBuildConfiguration;
			buildSettings = {
				ALWAYS_EMBED_SWIFT_STANDARD_LIBRARIES = YES;
				BUNDLE_LOADER = "$(TEST_HOST)";
				CODE_SIGN_STYLE = Automatic;
				DEVELOPMENT_TEAM = 9M4Q67AQA8;
				INFOPLIST_FILE = PanglongKeyboardTests/Info.plist;
				IPHONEOS_DEPLOYMENT_TARGET = 14.0;
				LD_RUNPATH_SEARCH_PATHS = (
					"$(inherited)",
					"@executable_path/Frameworks",
					"@loader_path/Frameworks",
				);
				PRODUCT_BUNDLE_IDENTIFIER = com.noernova.PanglongKeyboardTests;
				PRODUCT_NAME = "$(TARGET_NAME)";
				SWIFT_VERSION = 5.0;
				TARGETED_DEVICE_FAMILY = "1,2";
				TEST_HOST = "$(BUILT_PRODUCTS_DIR)/PanglongKeyboard.app/PanglongKeyboard";
			};
			name = Debug;
		};
		DDA590CB266427D80028A6C9 /* Release */ = {
			isa = XCBuildConfiguration;
			buildSettings = {
				ALWAYS_EMBED_SWIFT_STANDARD_LIBRARIES = YES;
				BUNDLE_LOADER = "$(TEST_HOST)";
				CODE_SIGN_STYLE = Automatic;
				DEVELOPMENT_TEAM = 9M4Q67AQA8;
				INFOPLIST_FILE = PanglongKeyboardTests/Info.plist;
				IPHONEOS_DEPLOYMENT_TARGET = 14.0;
				LD_RUNPATH_SEARCH_PATHS = (
					"$(inherited)",
					"@executable_path/Frameworks",
					"@loader_path/Frameworks",
				);
				PRODUCT_BUNDLE_IDENTIFIER = com.noernova.PanglongKeyboardTests;
				PRODUCT_NAME = "$(TARGET_NAME)";
				SWIFT_VERSION = 5.0;
				TARGETED_DEVICE_FAMILY = "1,2";
				TEST_HOST = "$(BUILT_PRODUCTS_DIR)/PanglongKeyboard.app/PanglongKeyboard";
			};
			name = Release;
		};
		DDA590CD266427D80028A6C9 /* Debug */ = {
			isa = XCBuildConfiguration;
			buildSettings = {
				ALWAYS_EMBED_SWIFT_STANDARD_LIBRARIES = YES;
				CODE_SIGN_STYLE = Automatic;
				DEVELOPMENT_TEAM = 9M4Q67AQA8;
				INFOPLIST_FILE = PanglongKeyboardUITests/Info.plist;
				LD_RUNPATH_SEARCH_PATHS = (
					"$(inherited)",
					"@executable_path/Frameworks",
					"@loader_path/Frameworks",
				);
				PRODUCT_BUNDLE_IDENTIFIER = com.noernova.PanglongKeyboardUITests;
				PRODUCT_NAME = "$(TARGET_NAME)";
				SWIFT_VERSION = 5.0;
				TARGETED_DEVICE_FAMILY = "1,2";
				TEST_TARGET_NAME = PanglongKeyboard;
			};
			name = Debug;
		};
		DDA590CE266427D80028A6C9 /* Release */ = {
			isa = XCBuildConfiguration;
			buildSettings = {
				ALWAYS_EMBED_SWIFT_STANDARD_LIBRARIES = YES;
				CODE_SIGN_STYLE = Automatic;
				DEVELOPMENT_TEAM = 9M4Q67AQA8;
				INFOPLIST_FILE = PanglongKeyboardUITests/Info.plist;
				LD_RUNPATH_SEARCH_PATHS = (
					"$(inherited)",
					"@executable_path/Frameworks",
					"@loader_path/Frameworks",
				);
				PRODUCT_BUNDLE_IDENTIFIER = com.noernova.PanglongKeyboardUITests;
				PRODUCT_NAME = "$(TARGET_NAME)";
				SWIFT_VERSION = 5.0;
				TARGETED_DEVICE_FAMILY = "1,2";
				TEST_TARGET_NAME = PanglongKeyboard;
			};
			name = Release;
		};
/* End XCBuildConfiguration section */

/* Begin XCConfigurationList section */
		DD372EE12664371A008CEBB1 /* Build configuration list for PBXNativeTarget "Shan" */ = {
			isa = XCConfigurationList;
			buildConfigurations = (
				DD372EE22664371A008CEBB1 /* Debug */,
				DD372EE32664371A008CEBB1 /* Release */,
			);
			defaultConfigurationIsVisible = 0;
			defaultConfigurationName = Release;
		};
		DDA5909C266427D70028A6C9 /* Build configuration list for PBXProject "PanglongKeyboard" */ = {
			isa = XCConfigurationList;
			buildConfigurations = (
				DDA590C4266427D80028A6C9 /* Debug */,
				DDA590C5266427D80028A6C9 /* Release */,
			);
			defaultConfigurationIsVisible = 0;
			defaultConfigurationName = Release;
		};
		DDA590C6266427D80028A6C9 /* Build configuration list for PBXNativeTarget "PanglongKeyboard" */ = {
			isa = XCConfigurationList;
			buildConfigurations = (
				DDA590C7266427D80028A6C9 /* Debug */,
				DDA590C8266427D80028A6C9 /* Release */,
			);
			defaultConfigurationIsVisible = 0;
			defaultConfigurationName = Release;
		};
		DDA590C9266427D80028A6C9 /* Build configuration list for PBXNativeTarget "PanglongKeyboardTests" */ = {
			isa = XCConfigurationList;
			buildConfigurations = (
				DDA590CA266427D80028A6C9 /* Debug */,
				DDA590CB266427D80028A6C9 /* Release */,
			);
			defaultConfigurationIsVisible = 0;
			defaultConfigurationName = Release;
		};
		DDA590CC266427D80028A6C9 /* Build configuration list for PBXNativeTarget "PanglongKeyboardUITests" */ = {
			isa = XCConfigurationList;
			buildConfigurations = (
				DDA590CD266427D80028A6C9 /* Debug */,
				DDA590CE266427D80028A6C9 /* Release */,
			);
			defaultConfigurationIsVisible = 0;
			defaultConfigurationName = Release;
		};
/* End XCConfigurationList section */
	};
	rootObject = DDA59099266427D70028A6C9 /* Project object */;
}
